
Microsoft Visual Studio Solution File, Format Version 12.00
# Visual Studio Version 16
VisualStudioVersion = 16.0.31911.196
MinimumVisualStudioVersion = 10.0.40219.1
Project("{FAE04EC0-301F-11D3-BF4B-00C04F79EFBC}") = "PGPENCYPTION", "PGPENCYPTION.csproj", "{CEA4811B-86CB-4C54-9175-04331AA062B4}"
EndProject
Global
	GlobalSection(SolutionConfigurationPlatforms) = preSolution
		Debug|Any CPU = Debug|Any CPU
		Release|Any CPU = Release|Any CPU
	EndGlobalSection
	GlobalSection(ProjectConfigurationPlatforms) = postSolution
		{CEA4811B-86CB-4C54-9175-04331AA062B4}.Debug|Any CPU.ActiveCfg = Debug|Any CPU
		{CEA4811B-86CB-4C54-9175-04331AA062B4}.Debug|Any CPU.Build.0 = Debug|Any CPU
		{CEA4811B-86CB-4C54-9175-04331AA062B4}.Release|Any CPU.ActiveCfg = Release|Any CPU
		{CEA4811B-86CB-4C54-9175-04331AA062B4}.Release|Any CPU.Build.0 = Release|Any CPU
	EndGlobalSection
	GlobalSection(SolutionProperties) = preSolution
		HideSolutionNode = FALSE
	EndGlobalSection
	GlobalSection(ExtensibilityGlobals) = postSolution
		SolutionGuid = {9F43C340-E599-4327-87EE-7D6BC59525A9}
	EndGlobalSection
EndGlobal
